
Microsoft Visual Studio Solution File, Format Version 12.00
# Visual Studio Version 17
VisualStudioVersion = 17.0.32112.339
MinimumVisualStudioVersion = 10.0.40219.1
Project("{2150E333-8FDC-42A3-9474-1A3956D46DE8}") = "src", "src", "{2D036089-60F1-41B0-AD34-8379400A7CFB}"
EndProject
Project("{2150E333-8FDC-42A3-9474-1A3956D46DE8}") = "Core", "Core", "{84990AED-6FC5-4599-B799-AC66789642F4}"
EndProject
Project("{2150E333-8FDC-42A3-9474-1A3956D46DE8}") = "Infrastrcture", "Infrastrcture", "{A9850580-227D-4F1D-BA6C-C75B90DEEC61}"
EndProject
Project("{2150E333-8FDC-42A3-9474-1A3956D46DE8}") = "API", "API", "{2EEA5B27-6DA6-4052-8CE5-24E455E26B7C}"
EndProject
Project("{2150E333-8FDC-42A3-9474-1A3956D46DE8}") = "UI", "UI", "{6B0D3C4A-9299-454F-AED1-F8EC1025FCD6}"
EndProject
Project("{9A19103F-16F7-4668-BE54-9A1E7A4F7556}") = "PostLand.Domain", "PostLand.Domain\PostLand.Domain.csproj", "{DD9C6883-8019-4341-9F9B-ED5AD89ACA0E}"
EndProject
Project("{9A19103F-16F7-4668-BE54-9A1E7A4F7556}") = "PostLand.Application", "PostLand.Application\PostLand.Application.csproj", "{DC2B347B-4EF2-4D6E-8BF5-743C8915B19A}"
EndProject
Project("{FAE04EC0-301F-11D3-BF4B-00C04F79EFBC}") = "PostLand.Persistence", "PostLand.Persistence\PostLand.Persistence.csproj", "{9D78CAB4-BF71-454B-83BF-6026B687823C}"
EndProject
Project("{FAE04EC0-301F-11D3-BF4B-00C04F79EFBC}") = "PostLand.Api", "PostLand.Api\PostLand.Api.csproj", "{74520D5B-D23D-499B-A438-FD9E46980619}"
EndProject
Global
	GlobalSection(SolutionConfigurationPlatforms) = preSolution
		Debug|Any CPU = Debug|Any CPU
		Release|Any CPU = Release|Any CPU
	EndGlobalSection
	GlobalSection(ProjectConfigurationPlatforms) = postSolution
		{DD9C6883-8019-4341-9F9B-ED5AD89ACA0E}.Debug|Any CPU.ActiveCfg = Debug|Any CPU
		{DD9C6883-8019-4341-9F9B-ED5AD89ACA0E}.Debug|Any CPU.Build.0 = Debug|Any CPU
		{DD9C6883-8019-4341-9F9B-ED5AD89ACA0E}.Release|Any CPU.ActiveCfg = Release|Any CPU
		{DD9C6883-8019-4341-9F9B-ED5AD89ACA0E}.Release|Any CPU.Build.0 = Release|Any CPU
		{DC2B347B-4EF2-4D6E-8BF5-743C8915B19A}.Debug|Any CPU.ActiveCfg = Debug|Any CPU
		{DC2B347B-4EF2-4D6E-8BF5-743C8915B19A}.Debug|Any CPU.Build.0 = Debug|Any CPU
		{DC2B347B-4EF2-4D6E-8BF5-743C8915B19A}.Release|Any CPU.ActiveCfg = Release|Any CPU
		{DC2B347B-4EF2-4D6E-8BF5-743C8915B19A}.Release|Any CPU.Build.0 = Release|Any CPU
		{9D78CAB4-BF71-454B-83BF-6026B687823C}.Debug|Any CPU.ActiveCfg = Debug|Any CPU
		{9D78CAB4-BF71-454B-83BF-6026B687823C}.Debug|Any CPU.Build.0 = Debug|Any CPU
		{9D78CAB4-BF71-454B-83BF-6026B687823C}.Release|Any CPU.ActiveCfg = Release|Any CPU
		{9D78CAB4-BF71-454B-83BF-6026B687823C}.Release|Any CPU.Build.0 = Release|Any CPU
		{74520D5B-D23D-499B-A438-FD9E46980619}.Debug|Any CPU.ActiveCfg = Debug|Any CPU
		{74520D5B-D23D-499B-A438-FD9E46980619}.Debug|Any CPU.Build.0 = Debug|Any CPU
		{74520D5B-D23D-499B-A438-FD9E46980619}.Release|Any CPU.ActiveCfg = Release|Any CPU
		{74520D5B-D23D-499B-A438-FD9E46980619}.Release|Any CPU.Build.0 = Release|Any CPU
	EndGlobalSection
	GlobalSection(SolutionProperties) = preSolution
		HideSolutionNode = FALSE
	EndGlobalSection
	GlobalSection(NestedProjects) = preSolution
		{84990AED-6FC5-4599-B799-AC66789642F4} = {2D036089-60F1-41B0-AD34-8379400A7CFB}
		{A9850580-227D-4F1D-BA6C-C75B90DEEC61} = {2D036089-60F1-41B0-AD34-8379400A7CFB}
		{2EEA5B27-6DA6-4052-8CE5-24E455E26B7C} = {2D036089-60F1-41B0-AD34-8379400A7CFB}
		{6B0D3C4A-9299-454F-AED1-F8EC1025FCD6} = {2D036089-60F1-41B0-AD34-8379400A7CFB}
		{DD9C6883-8019-4341-9F9B-ED5AD89ACA0E} = {84990AED-6FC5-4599-B799-AC66789642F4}
		{DC2B347B-4EF2-4D6E-8BF5-743C8915B19A} = {84990AED-6FC5-4599-B799-AC66789642F4}
		{9D78CAB4-BF71-454B-83BF-6026B687823C} = {A9850580-227D-4F1D-BA6C-C75B90DEEC61}
		{74520D5B-D23D-499B-A438-FD9E46980619} = {2EEA5B27-6DA6-4052-8CE5-24E455E26B7C}
	EndGlobalSection
	GlobalSection(ExtensibilityGlobals) = postSolution
		SolutionGuid = {45B8AEEF-7F22-460A-80FC-54D7FCCA2B44}
	EndGlobalSection
EndGlobal
